
Microsoft Visual Studio Solution File, Format Version 12.00
# Visual Studio Version 16
VisualStudioVersion = 16.0.30320.27
MinimumVisualStudioVersion = 10.0.40219.1
Project("{8BC9CEB8-8B4A-11D0-8D11-00A0C91BC942}") = "loadlibrary injector", "loadlibrary injector.vcxproj", "{0C885869-0E94-418C-9EC7-D8AD0ED746EE}"
EndProject
Global
	GlobalSection(SolutionConfigurationPlatforms) = preSolution
		Debug|x64 = Debug|x64
		Debug|x86 = Debug|x86
		Release|x64 = Release|x64
		Release|x86 = Release|x86
	EndGlobalSection
	GlobalSection(ProjectConfigurationPlatforms) = postSolution
		{0C885869-0E94-418C-9EC7-D8AD0ED746EE}.Debug|x64.ActiveCfg = Debug|x64
		{0C885869-0E94-418C-9EC7-D8AD0ED746EE}.Debug|x64.Build.0 = Debug|x64
		{0C885869-0E94-418C-9EC7-D8AD0ED746EE}.Debug|x86.ActiveCfg = Debug|Win32
		{0C885869-0E94-418C-9EC7-D8AD0ED746EE}.Debug|x86.Build.0 = Debug|Win32
		{0C885869-0E94-418C-9EC7-D8AD0ED746EE}.Release|x64.ActiveCfg = Release|x64
		{0C885869-0E94-418C-9EC7-D8AD0ED746EE}.Release|x64.Build.0 = Release|x64
		{0C885869-0E94-418C-9EC7-D8AD0ED746EE}.Release|x86.ActiveCfg = Release|Win32
		{0C885869-0E94-418C-9EC7-D8AD0ED746EE}.Release|x86.Build.0 = Release|Win32
	EndGlobalSection
	GlobalSection(SolutionProperties) = preSolution
		HideSolutionNode = FALSE
	EndGlobalSection
	GlobalSection(ExtensibilityGlobals) = postSolution
		SolutionGuid = {321A6915-5FF3-40A6-B9BF-23D35710F8F9}
	EndGlobalSection
EndGlobal
